
Microsoft Visual Studio Solution File, Format Version 12.00
# Visual Studio Version 17
VisualStudioVersion = 17.9.34728.123
MinimumVisualStudioVersion = 10.0.40219.1
Project("{FAE04EC0-301F-11D3-BF4B-00C04F79EFBC}") = "Consolas and Telim", "Consolas and Telim.csproj", "{0D4033B7-DCFF-4165-91FD-49084DE045EF}"
EndProject
Global
	GlobalSection(SolutionConfigurationPlatforms) = preSolution
		Debug|Any CPU = Debug|Any CPU
		Release|Any CPU = Release|Any CPU
	EndGlobalSection
	GlobalSection(ProjectConfigurationPlatforms) = postSolution
		{0D4033B7-DCFF-4165-91FD-49084DE045EF}.Debug|Any CPU.ActiveCfg = Debug|Any CPU
		{0D4033B7-DCFF-4165-91FD-49084DE045EF}.Debug|Any CPU.Build.0 = Debug|Any CPU
		{0D4033B7-DCFF-4165-91FD-49084DE045EF}.Release|Any CPU.ActiveCfg = Release|Any CPU
		{0D4033B7-DCFF-4165-91FD-49084DE045EF}.Release|Any CPU.Build.0 = Release|Any CPU
	EndGlobalSection
	GlobalSection(SolutionProperties) = preSolution
		HideSolutionNode = FALSE
	EndGlobalSection
	GlobalSection(ExtensibilityGlobals) = postSolution
		SolutionGuid = {2498286B-ABB4-4AA4-A5C4-D5A0B3CA3FF5}
	EndGlobalSection
EndGlobal
