
Microsoft Visual Studio Solution File, Format Version 12.00
# Visual Studio Version 17
VisualStudioVersion = 17.9.34728.123
MinimumVisualStudioVersion = 10.0.40219.1
Project("{FAE04EC0-301F-11D3-BF4B-00C04F79EFBC}") = "The Variable Shop", "The Variable Shop.csproj", "{7A068F05-7C03-49C8-A361-36B6642BEBF9}"
EndProject
Global
	GlobalSection(SolutionConfigurationPlatforms) = preSolution
		Debug|Any CPU = Debug|Any CPU
		Release|Any CPU = Release|Any CPU
	EndGlobalSection
	GlobalSection(ProjectConfigurationPlatforms) = postSolution
		{7A068F05-7C03-49C8-A361-36B6642BEBF9}.Debug|Any CPU.ActiveCfg = Debug|Any CPU
		{7A068F05-7C03-49C8-A361-36B6642BEBF9}.Debug|Any CPU.Build.0 = Debug|Any CPU
		{7A068F05-7C03-49C8-A361-36B6642BEBF9}.Release|Any CPU.ActiveCfg = Release|Any CPU
		{7A068F05-7C03-49C8-A361-36B6642BEBF9}.Release|Any CPU.Build.0 = Release|Any CPU
	EndGlobalSection
	GlobalSection(SolutionProperties) = preSolution
		HideSolutionNode = FALSE
	EndGlobalSection
	GlobalSection(ExtensibilityGlobals) = postSolution
		SolutionGuid = {B950763F-852F-4BC6-BBC5-EB913420355E}
	EndGlobalSection
EndGlobal
